
Microsoft Visual Studio Solution File, Format Version 12.00
# Visual Studio Version 16
VisualStudioVersion = 16.0.29920.165
MinimumVisualStudioVersion = 10.0.40219.1
Project("{FAE04EC0-301F-11D3-BF4B-00C04F79EFBC}") = "Blood Donation", "Blood Donation\Blood Donation.csproj", "{B3249D58-D3E3-4E3A-83EA-09DB50D94137}"
EndProject
Global
	GlobalSection(SolutionConfigurationPlatforms) = preSolution
		Debug|Any CPU = Debug|Any CPU
		Release|Any CPU = Release|Any CPU
	EndGlobalSection
	GlobalSection(ProjectConfigurationPlatforms) = postSolution
		{B3249D58-D3E3-4E3A-83EA-09DB50D94137}.Debug|Any CPU.ActiveCfg = Debug|Any CPU
		{B3249D58-D3E3-4E3A-83EA-09DB50D94137}.Debug|Any CPU.Build.0 = Debug|Any CPU
		{B3249D58-D3E3-4E3A-83EA-09DB50D94137}.Release|Any CPU.ActiveCfg = Release|Any CPU
		{B3249D58-D3E3-4E3A-83EA-09DB50D94137}.Release|Any CPU.Build.0 = Release|Any CPU
	EndGlobalSection
	GlobalSection(SolutionProperties) = preSolution
		HideSolutionNode = FALSE
	EndGlobalSection
	GlobalSection(ExtensibilityGlobals) = postSolution
		SolutionGuid = {5E9C7C5E-E6A6-4449-9151-687FB00327C6}
	EndGlobalSection
EndGlobal
